// !$*UTF8*$!
{
	archiveVersion = 1;
	classes = {
	};
	objectVersion = 52;
	objects = {

/* Begin PBXBuildFile section */
		571947E323425E70006B3DAE /* ColorApp.swift in Sources */ = {isa = PBXBuildFile; fileRef = 571947E223425E70006B3DAE /* ColorApp.swift */; };
		571947E52342775C006B3DAE /* HighlightedCardView.swift in Sources */ = {isa = PBXBuildFile; fileRef = 571947E42342775C006B3DAE /* HighlightedCardView.swift */; };
		571947E723427EE6006B3DAE /* CategoriesView.swift in Sources */ = {isa = PBXBuildFile; fileRef = 571947E623427EE6006B3DAE /* CategoriesView.swift */; };
		571947E923428078006B3DAE /* ListOfGames.swift in Sources */ = {isa = PBXBuildFile; fileRef = 571947E823428078006B3DAE /* ListOfGames.swift */; };
		571947EE234280A9006B3DAE /* BannerGameView.swift in Sources */ = {isa = PBXBuildFile; fileRef = 571947ED234280A9006B3DAE /* BannerGameView.swift */; };
		571947F0234280BB006B3DAE /* GameDescriptionView.swift in Sources */ = {isa = PBXBuildFile; fileRef = 571947EF234280BB006B3DAE /* GameDescriptionView.swift */; };
		571947F2234280C5006B3DAE /* ContentGameView.swift in Sources */ = {isa = PBXBuildFile; fileRef = 571947F1234280C5006B3DAE /* ContentGameView.swift */; };
		578D1A1923421BE900211722 /* AppDelegate.swift in Sources */ = {isa = PBXBuildFile; fileRef = 578D1A1823421BE900211722 /* AppDelegate.swift */; };
		578D1A1B23421BE900211722 /* SceneDelegate.swift in Sources */ = {isa = PBXBuildFile; fileRef = 578D1A1A23421BE900211722 /* SceneDelegate.swift */; };
		578D1A1D23421BE900211722 /* ContentView.swift in Sources */ = {isa = PBXBuildFile; fileRef = 578D1A1C23421BE900211722 /* ContentView.swift */; };
		578D1A1F23421BEA00211722 /* Assets.xcassets in Resources */ = {isa = PBXBuildFile; fileRef = 578D1A1E23421BEA00211722 /* Assets.xcassets */; };
		578D1A2223421BEA00211722 /* Preview Assets.xcassets in Resources */ = {isa = PBXBuildFile; fileRef = 578D1A2123421BEA00211722 /* Preview Assets.xcassets */; };
		578D1A2523421BEA00211722 /* LaunchScreen.storyboard in Resources */ = {isa = PBXBuildFile; fileRef = 578D1A2323421BEA00211722 /* LaunchScreen.storyboard */; };
		578D1A3023421BEA00211722 /* RevillTests.swift in Sources */ = {isa = PBXBuildFile; fileRef = 578D1A2F23421BEA00211722 /* RevillTests.swift */; };
		578D1A41234251AD00211722 /* Providey.swift in Sources */ = {isa = PBXBuildFile; fileRef = 578D1A40234251AD00211722 /* Providey.swift */; };
		578D1A442342589600211722 /* SearchView.swift in Sources */ = {isa = PBXBuildFile; fileRef = 578D1A432342589600211722 /* SearchView.swift */; };
		794307C92345455E00EA1315 /* RowGames.swift in Sources */ = {isa = PBXBuildFile; fileRef = 794307C82345455E00EA1315 /* RowGames.swift */; };
		79E0A05D23442ACE005B233C /* SwiftUIFlux in Frameworks */ = {isa = PBXBuildFile; productRef = 79E0A05C23442ACE005B233C /* SwiftUIFlux */; };
		A3587E172347B19400DAC4C0 /* SearchField.swift in Sources */ = {isa = PBXBuildFile; fileRef = A3587E162347B19400DAC4C0 /* SearchField.swift */; };
		A3587E1F2347B25B00DAC4C0 /* Nunito-Regular.ttf in Resources */ = {isa = PBXBuildFile; fileRef = A3587E192347B1D400DAC4C0 /* Nunito-Regular.ttf */; };
		A3587E202347B26300DAC4C0 /* Nunito-Black.ttf in Resources */ = {isa = PBXBuildFile; fileRef = A3587E1B2347B1D400DAC4C0 /* Nunito-Black.ttf */; };
/* End PBXBuildFile section */

/* Begin PBXContainerItemProxy section */
		578D1A2C23421BEA00211722 /* PBXContainerItemProxy */ = {
			isa = PBXContainerItemProxy;
			containerPortal = 578D1A0D23421BE900211722 /* Project object */;
			proxyType = 1;
			remoteGlobalIDString = 578D1A1423421BE900211722;
			remoteInfo = Revill;
		};
/* End PBXContainerItemProxy section */

/* Begin PBXFileReference section */
		571947E223425E70006B3DAE /* ColorApp.swift */ = {isa = PBXFileReference; lastKnownFileType = sourcecode.swift; path = ColorApp.swift; sourceTree = "<group>"; };
		571947E42342775C006B3DAE /* HighlightedCardView.swift */ = {isa = PBXFileReference; lastKnownFileType = sourcecode.swift; path = HighlightedCardView.swift; sourceTree = "<group>"; };
		571947E623427EE6006B3DAE /* CategoriesView.swift */ = {isa = PBXFileReference; lastKnownFileType = sourcecode.swift; path = CategoriesView.swift; sourceTree = "<group>"; };
		571947E823428078006B3DAE /* ListOfGames.swift */ = {isa = PBXFileReference; lastKnownFileType = sourcecode.swift; path = ListOfGames.swift; sourceTree = "<group>"; };
		571947ED234280A9006B3DAE /* BannerGameView.swift */ = {isa = PBXFileReference; lastKnownFileType = sourcecode.swift; path = BannerGameView.swift; sourceTree = "<group>"; };
		571947EF234280BB006B3DAE /* GameDescriptionView.swift */ = {isa = PBXFileReference; lastKnownFileType = sourcecode.swift; path = GameDescriptionView.swift; sourceTree = "<group>"; };
		571947F1234280C5006B3DAE /* ContentGameView.swift */ = {isa = PBXFileReference; lastKnownFileType = sourcecode.swift; path = ContentGameView.swift; sourceTree = "<group>"; };
		578D1A1523421BE900211722 /* Revill.app */ = {isa = PBXFileReference; explicitFileType = wrapper.application; includeInIndex = 0; path = Revill.app; sourceTree = BUILT_PRODUCTS_DIR; };
		578D1A1823421BE900211722 /* AppDelegate.swift */ = {isa = PBXFileReference; lastKnownFileType = sourcecode.swift; path = AppDelegate.swift; sourceTree = "<group>"; };
		578D1A1A23421BE900211722 /* SceneDelegate.swift */ = {isa = PBXFileReference; lastKnownFileType = sourcecode.swift; path = SceneDelegate.swift; sourceTree = "<group>"; };
		578D1A1C23421BE900211722 /* ContentView.swift */ = {isa = PBXFileReference; lastKnownFileType = sourcecode.swift; path = ContentView.swift; sourceTree = "<group>"; };
		578D1A1E23421BEA00211722 /* Assets.xcassets */ = {isa = PBXFileReference; lastKnownFileType = folder.assetcatalog; path = Assets.xcassets; sourceTree = "<group>"; };
		578D1A2123421BEA00211722 /* Preview Assets.xcassets */ = {isa = PBXFileReference; lastKnownFileType = folder.assetcatalog; path = "Preview Assets.xcassets"; sourceTree = "<group>"; };
		578D1A2423421BEA00211722 /* Base */ = {isa = PBXFileReference; lastKnownFileType = file.storyboard; name = Base; path = Base.lproj/LaunchScreen.storyboard; sourceTree = "<group>"; };
		578D1A2623421BEA00211722 /* Info.plist */ = {isa = PBXFileReference; lastKnownFileType = text.plist.xml; path = Info.plist; sourceTree = "<group>"; };
		578D1A2B23421BEA00211722 /* RevillTests.xctest */ = {isa = PBXFileReference; explicitFileType = wrapper.cfbundle; includeInIndex = 0; path = RevillTests.xctest; sourceTree = BUILT_PRODUCTS_DIR; };
		578D1A2F23421BEA00211722 /* RevillTests.swift */ = {isa = PBXFileReference; lastKnownFileType = sourcecode.swift; path = RevillTests.swift; sourceTree = "<group>"; };
		578D1A3123421BEA00211722 /* Info.plist */ = {isa = PBXFileReference; lastKnownFileType = text.plist.xml; path = Info.plist; sourceTree = "<group>"; };
		578D1A40234251AD00211722 /* Providey.swift */ = {isa = PBXFileReference; lastKnownFileType = sourcecode.swift; path = Providey.swift; sourceTree = "<group>"; };
		578D1A432342589600211722 /* SearchView.swift */ = {isa = PBXFileReference; lastKnownFileType = sourcecode.swift; path = SearchView.swift; sourceTree = "<group>"; };
		794307C82345455E00EA1315 /* RowGames.swift */ = {isa = PBXFileReference; lastKnownFileType = sourcecode.swift; path = RowGames.swift; sourceTree = "<group>"; };
		A3587E162347B19400DAC4C0 /* SearchField.swift */ = {isa = PBXFileReference; fileEncoding = 4; lastKnownFileType = sourcecode.swift; path = SearchField.swift; sourceTree = "<group>"; };
		A3587E192347B1D400DAC4C0 /* Nunito-Regular.ttf */ = {isa = PBXFileReference; lastKnownFileType = file; path = "Nunito-Regular.ttf"; sourceTree = "<group>"; };
		A3587E1A2347B1D400DAC4C0 /* Nunito-Bold.ttf */ = {isa = PBXFileReference; lastKnownFileType = file; path = "Nunito-Bold.ttf"; sourceTree = "<group>"; };
		A3587E1B2347B1D400DAC4C0 /* Nunito-Black.ttf */ = {isa = PBXFileReference; lastKnownFileType = file; path = "Nunito-Black.ttf"; sourceTree = "<group>"; };
/* End PBXFileReference section */

/* Begin PBXFrameworksBuildPhase section */
		578D1A1223421BE900211722 /* Frameworks */ = {
			isa = PBXFrameworksBuildPhase;
			buildActionMask = 2147483647;
			files = (
				79E0A05D23442ACE005B233C /* SwiftUIFlux in Frameworks */,
			);
			runOnlyForDeploymentPostprocessing = 0;
		};
		578D1A2823421BEA00211722 /* Frameworks */ = {
			isa = PBXFrameworksBuildPhase;
			buildActionMask = 2147483647;
			files = (
			);
			runOnlyForDeploymentPostprocessing = 0;
		};
/* End PBXFrameworksBuildPhase section */

/* Begin PBXGroup section */
		571947EA23428081006B3DAE /* Feed */ = {
			isa = PBXGroup;
			children = (
				578D1A1C23421BE900211722 /* ContentView.swift */,
				A3587E162347B19400DAC4C0 /* SearchField.swift */,
				578D1A432342589600211722 /* SearchView.swift */,
				571947E42342775C006B3DAE /* HighlightedCardView.swift */,
				571947E623427EE6006B3DAE /* CategoriesView.swift */,
				571947E823428078006B3DAE /* ListOfGames.swift */,
				794307C82345455E00EA1315 /* RowGames.swift */,
			);
			path = Feed;
			sourceTree = "<group>";
		};
		571947EC23428095006B3DAE /* Game */ = {
			isa = PBXGroup;
			children = (
				571947ED234280A9006B3DAE /* BannerGameView.swift */,
				571947EF234280BB006B3DAE /* GameDescriptionView.swift */,
				571947F1234280C5006B3DAE /* ContentGameView.swift */,
			);
			path = Game;
			sourceTree = "<group>";
		};
		578D1A0C23421BE900211722 = {
			isa = PBXGroup;
			children = (
				578D1A1723421BE900211722 /* Revill */,
				578D1A2E23421BEA00211722 /* RevillTests */,
				578D1A1623421BE900211722 /* Products */,
			);
			sourceTree = "<group>";
		};
		578D1A1623421BE900211722 /* Products */ = {
			isa = PBXGroup;
			children = (
				578D1A1523421BE900211722 /* Revill.app */,
				578D1A2B23421BEA00211722 /* RevillTests.xctest */,
			);
			name = Products;
			sourceTree = "<group>";
		};
		578D1A1723421BE900211722 /* Revill */ = {
			isa = PBXGroup;
			children = (
				A3587E182347B1D400DAC4C0 /* Fonts */,
				7973C657234429F100E46B66 /* Flux */,
				578D1A3F23421D6600211722 /* Settings */,
				578D1A422342583A00211722 /* View */,
				578D1A3A23421CCB00211722 /* API */,
				578D1A1E23421BEA00211722 /* Assets.xcassets */,
				578D1A2323421BEA00211722 /* LaunchScreen.storyboard */,
				578D1A2623421BEA00211722 /* Info.plist */,
				578D1A2023421BEA00211722 /* Preview Content */,
			);
			path = Revill;
			sourceTree = "<group>";
		};
		578D1A2023421BEA00211722 /* Preview Content */ = {
			isa = PBXGroup;
			children = (
				578D1A2123421BEA00211722 /* Preview Assets.xcassets */,
			);
			path = "Preview Content";
			sourceTree = "<group>";
		};
		578D1A2E23421BEA00211722 /* RevillTests */ = {
			isa = PBXGroup;
			children = (
				578D1A2F23421BEA00211722 /* RevillTests.swift */,
				578D1A3123421BEA00211722 /* Info.plist */,
			);
			path = RevillTests;
			sourceTree = "<group>";
		};
		578D1A3A23421CCB00211722 /* API */ = {
			isa = PBXGroup;
			children = (
				578D1A40234251AD00211722 /* Providey.swift */,
			);
			path = API;
			sourceTree = "<group>";
		};
		578D1A3F23421D6600211722 /* Settings */ = {
			isa = PBXGroup;
			children = (
				578D1A1823421BE900211722 /* AppDelegate.swift */,
				578D1A1A23421BE900211722 /* SceneDelegate.swift */,
				571947E223425E70006B3DAE /* ColorApp.swift */,
			);
			path = Settings;
			sourceTree = "<group>";
		};
		578D1A422342583A00211722 /* View */ = {
			isa = PBXGroup;
			children = (
				571947EC23428095006B3DAE /* Game */,
				571947EA23428081006B3DAE /* Feed */,
			);
			path = View;
			sourceTree = "<group>";
		};
		7973C657234429F100E46B66 /* Flux */ = {
			isa = PBXGroup;
			children = (
				7973C65B23442A1500E46B66 /* Model */,
				7973C65A23442A0500E46B66 /* ViewState */,
				7973C65923442A0000E46B66 /* Action */,
				7973C658234429FB00E46B66 /* State */,
			);
			path = Flux;
			sourceTree = "<group>";
		};
		7973C658234429FB00E46B66 /* State */ = {
			isa = PBXGroup;
			children = (
			);
			path = State;
			sourceTree = "<group>";
		};
		7973C65923442A0000E46B66 /* Action */ = {
			isa = PBXGroup;
			children = (
			);
			path = Action;
			sourceTree = "<group>";
		};
		7973C65A23442A0500E46B66 /* ViewState */ = {
			isa = PBXGroup;
			children = (
			);
			path = ViewState;
			sourceTree = "<group>";
		};
		7973C65B23442A1500E46B66 /* Model */ = {
			isa = PBXGroup;
			children = (
			);
			path = Model;
			sourceTree = "<group>";
		};
		A3587E182347B1D400DAC4C0 /* Fonts */ = {
			isa = PBXGroup;
			children = (
				A3587E192347B1D400DAC4C0 /* Nunito-Regular.ttf */,
				A3587E1A2347B1D400DAC4C0 /* Nunito-Bold.ttf */,
				A3587E1B2347B1D400DAC4C0 /* Nunito-Black.ttf */,
			);
			path = Fonts;
			sourceTree = "<group>";
		};
/* End PBXGroup section */

/* Begin PBXNativeTarget section */
		578D1A1423421BE900211722 /* Revill */ = {
			isa = PBXNativeTarget;
			buildConfigurationList = 578D1A3423421BEA00211722 /* Build configuration list for PBXNativeTarget "Revill" */;
			buildPhases = (
				578D1A1123421BE900211722 /* Sources */,
				578D1A1223421BE900211722 /* Frameworks */,
				578D1A1323421BE900211722 /* Resources */,
				A4BBBD282343EB1900E20D15 /* ShellScript */,
			);
			buildRules = (
			);
			dependencies = (
			);
			name = Revill;
			packageProductDependencies = (
				79E0A05C23442ACE005B233C /* SwiftUIFlux */,
			);
			productName = Revill;
			productReference = 578D1A1523421BE900211722 /* Revill.app */;
			productType = "com.apple.product-type.application";
		};
		578D1A2A23421BEA00211722 /* RevillTests */ = {
			isa = PBXNativeTarget;
			buildConfigurationList = 578D1A3723421BEA00211722 /* Build configuration list for PBXNativeTarget "RevillTests" */;
			buildPhases = (
				578D1A2723421BEA00211722 /* Sources */,
				578D1A2823421BEA00211722 /* Frameworks */,
				578D1A2923421BEA00211722 /* Resources */,
			);
			buildRules = (
			);
			dependencies = (
				578D1A2D23421BEA00211722 /* PBXTargetDependency */,
			);
			name = RevillTests;
			productName = RevillTests;
			productReference = 578D1A2B23421BEA00211722 /* RevillTests.xctest */;
			productType = "com.apple.product-type.bundle.unit-test";
		};
/* End PBXNativeTarget section */

/* Begin PBXProject section */
		578D1A0D23421BE900211722 /* Project object */ = {
			isa = PBXProject;
			attributes = {
				LastSwiftUpdateCheck = 1100;
				LastUpgradeCheck = 1100;
				ORGANIZATIONNAME = Revill;
				TargetAttributes = {
					578D1A1423421BE900211722 = {
						CreatedOnToolsVersion = 11.0;
					};
					578D1A2A23421BEA00211722 = {
						CreatedOnToolsVersion = 11.0;
						TestTargetID = 578D1A1423421BE900211722;
					};
				};
			};
			buildConfigurationList = 578D1A1023421BE900211722 /* Build configuration list for PBXProject "Revill" */;
			compatibilityVersion = "Xcode 9.3";
			developmentRegion = en;
			hasScannedForEncodings = 0;
			knownRegions = (
				en,
				Base,
			);
			mainGroup = 578D1A0C23421BE900211722;
			packageReferences = (
				79E0A05B23442ACE005B233C /* XCRemoteSwiftPackageReference "SwiftUIFlux" */,
			);
			productRefGroup = 578D1A1623421BE900211722 /* Products */;
			projectDirPath = "";
			projectRoot = "";
			targets = (
				578D1A1423421BE900211722 /* Revill */,
				578D1A2A23421BEA00211722 /* RevillTests */,
			);
		};
/* End PBXProject section */

/* Begin PBXResourcesBuildPhase section */
		578D1A1323421BE900211722 /* Resources */ = {
			isa = PBXResourcesBuildPhase;
			buildActionMask = 2147483647;
			files = (
				A3587E202347B26300DAC4C0 /* Nunito-Black.ttf in Resources */,
				A3587E1F2347B25B00DAC4C0 /* Nunito-Regular.ttf in Resources */,
				578D1A2523421BEA00211722 /* LaunchScreen.storyboard in Resources */,
				578D1A2223421BEA00211722 /* Preview Assets.xcassets in Resources */,
				578D1A1F23421BEA00211722 /* Assets.xcassets in Resources */,
			);
			runOnlyForDeploymentPostprocessing = 0;
		};
		578D1A2923421BEA00211722 /* Resources */ = {
			isa = PBXResourcesBuildPhase;
			buildActionMask = 2147483647;
			files = (
			);
			runOnlyForDeploymentPostprocessing = 0;
		};
/* End PBXResourcesBuildPhase section */

/* Begin PBXShellScriptBuildPhase section */
		A4BBBD282343EB1900E20D15 /* ShellScript */ = {
			isa = PBXShellScriptBuildPhase;
			buildActionMask = 2147483647;
			files = (
			);
			inputFileListPaths = (
			);
			inputPaths = (
			);
			outputFileListPaths = (
			);
			outputPaths = (
			);
			runOnlyForDeploymentPostprocessing = 0;
			shellPath = /bin/sh;
			shellScript = "# Type a script or drag a script file from your workspace to insert its path.\nif which swiftlint >/dev/null; then\nswiftlint\nelse\necho \"warning: Swiftlint not installed, download from https://github.com/realm/SwiftLint\"\nfi\n";
		};
/* End PBXShellScriptBuildPhase section */

/* Begin PBXSourcesBuildPhase section */
		578D1A1123421BE900211722 /* Sources */ = {
			isa = PBXSourcesBuildPhase;
			buildActionMask = 2147483647;
			files = (
				571947F0234280BB006B3DAE /* GameDescriptionView.swift in Sources */,
				571947E923428078006B3DAE /* ListOfGames.swift in Sources */,
				571947E723427EE6006B3DAE /* CategoriesView.swift in Sources */,
				794307C92345455E00EA1315 /* RowGames.swift in Sources */,
				A3587E172347B19400DAC4C0 /* SearchField.swift in Sources */,
				578D1A442342589600211722 /* SearchView.swift in Sources */,
				571947F2234280C5006B3DAE /* ContentGameView.swift in Sources */,
				578D1A1923421BE900211722 /* AppDelegate.swift in Sources */,
				578D1A1B23421BE900211722 /* SceneDelegate.swift in Sources */,
				571947E323425E70006B3DAE /* ColorApp.swift in Sources */,
				571947EE234280A9006B3DAE /* BannerGameView.swift in Sources */,
				578D1A1D23421BE900211722 /* ContentView.swift in Sources */,
				571947E52342775C006B3DAE /* HighlightedCardView.swift in Sources */,
				578D1A41234251AD00211722 /* Providey.swift in Sources */,
			);
			runOnlyForDeploymentPostprocessing = 0;
		};
		578D1A2723421BEA00211722 /* Sources */ = {
			isa = PBXSourcesBuildPhase;
			buildActionMask = 2147483647;
			files = (
				578D1A3023421BEA00211722 /* RevillTests.swift in Sources */,
			);
			runOnlyForDeploymentPostprocessing = 0;
		};
/* End PBXSourcesBuildPhase section */

/* Begin PBXTargetDependency section */
		578D1A2D23421BEA00211722 /* PBXTargetDependency */ = {
			isa = PBXTargetDependency;
			target = 578D1A1423421BE900211722 /* Revill */;
			targetProxy = 578D1A2C23421BEA00211722 /* PBXContainerItemProxy */;
		};
/* End PBXTargetDependency section */

/* Begin PBXVariantGroup section */
		578D1A2323421BEA00211722 /* LaunchScreen.storyboard */ = {
			isa = PBXVariantGroup;
			children = (
				578D1A2423421BEA00211722 /* Base */,
			);
			name = LaunchScreen.storyboard;
			sourceTree = "<group>";
		};
/* End PBXVariantGroup section */

/* Begin XCBuildConfiguration section */
		578D1A3223421BEA00211722 /* Debug */ = {
			isa = XCBuildConfiguration;
			buildSettings = {
				ALWAYS_SEARCH_USER_PATHS = NO;
				CLANG_ANALYZER_NONNULL = YES;
				CLANG_ANALYZER_NUMBER_OBJECT_CONVERSION = YES_AGGRESSIVE;
				CLANG_CXX_LANGUAGE_STANDARD = "gnu++14";
				CLANG_CXX_LIBRARY = "libc++";
				CLANG_ENABLE_MODULES = YES;
				CLANG_ENABLE_OBJC_ARC = YES;
				CLANG_ENABLE_OBJC_WEAK = YES;
				CLANG_WARN_BLOCK_CAPTURE_AUTORELEASING = YES;
				CLANG_WARN_BOOL_CONVERSION = YES;
				CLANG_WARN_COMMA = YES;
				CLANG_WARN_CONSTANT_CONVERSION = YES;
				CLANG_WARN_DEPRECATED_OBJC_IMPLEMENTATIONS = YES;
				CLANG_WARN_DIRECT_OBJC_ISA_USAGE = YES_ERROR;
				CLANG_WARN_DOCUMENTATION_COMMENTS = YES;
				CLANG_WARN_EMPTY_BODY = YES;
				CLANG_WARN_ENUM_CONVERSION = YES;
				CLANG_WARN_INFINITE_RECURSION = YES;
				CLANG_WARN_INT_CONVERSION = YES;
				CLANG_WARN_NON_LITERAL_NULL_CONVERSION = YES;
				CLANG_WARN_OBJC_IMPLICIT_RETAIN_SELF = YES;
				CLANG_WARN_OBJC_LITERAL_CONVERSION = YES;
				CLANG_WARN_OBJC_ROOT_CLASS = YES_ERROR;
				CLANG_WARN_RANGE_LOOP_ANALYSIS = YES;
				CLANG_WARN_STRICT_PROTOTYPES = YES;
				CLANG_WARN_SUSPICIOUS_MOVE = YES;
				CLANG_WARN_UNGUARDED_AVAILABILITY = YES_AGGRESSIVE;
				CLANG_WARN_UNREACHABLE_CODE = YES;
				CLANG_WARN__DUPLICATE_METHOD_MATCH = YES;
				COPY_PHASE_STRIP = NO;
				DEBUG_INFORMATION_FORMAT = dwarf;
				ENABLE_STRICT_OBJC_MSGSEND = YES;
				ENABLE_TESTABILITY = YES;
				GCC_C_LANGUAGE_STANDARD = gnu11;
				GCC_DYNAMIC_NO_PIC = NO;
				GCC_NO_COMMON_BLOCKS = YES;
				GCC_OPTIMIZATION_LEVEL = 0;
				GCC_PREPROCESSOR_DEFINITIONS = (
					"DEBUG=1",
					"$(inherited)",
				);
				GCC_WARN_64_TO_32_BIT_CONVERSION = YES;
				GCC_WARN_ABOUT_RETURN_TYPE = YES_ERROR;
				GCC_WARN_UNDECLARED_SELECTOR = YES;
				GCC_WARN_UNINITIALIZED_AUTOS = YES_AGGRESSIVE;
				GCC_WARN_UNUSED_FUNCTION = YES;
				GCC_WARN_UNUSED_VARIABLE = YES;
				IPHONEOS_DEPLOYMENT_TARGET = 13.0;
				MTL_ENABLE_DEBUG_INFO = INCLUDE_SOURCE;
				MTL_FAST_MATH = YES;
				ONLY_ACTIVE_ARCH = YES;
				SDKROOT = iphoneos;
				SWIFT_ACTIVE_COMPILATION_CONDITIONS = DEBUG;
				SWIFT_OPTIMIZATION_LEVEL = "-Onone";
			};
			name = Debug;
		};
		578D1A3323421BEA00211722 /* Release */ = {
			isa = XCBuildConfiguration;
			buildSettings = {
				ALWAYS_SEARCH_USER_PATHS = NO;
				CLANG_ANALYZER_NONNULL = YES;
				CLANG_ANALYZER_NUMBER_OBJECT_CONVERSION = YES_AGGRESSIVE;
				CLANG_CXX_LANGUAGE_STANDARD = "gnu++14";
				CLANG_CXX_LIBRARY = "libc++";
				CLANG_ENABLE_MODULES = YES;
				CLANG_ENABLE_OBJC_ARC = YES;
				CLANG_ENABLE_OBJC_WEAK = YES;
				CLANG_WARN_BLOCK_CAPTURE_AUTORELEASING = YES;
				CLANG_WARN_BOOL_CONVERSION = YES;
				CLANG_WARN_COMMA = YES;
				CLANG_WARN_CONSTANT_CONVERSION = YES;
				CLANG_WARN_DEPRECATED_OBJC_IMPLEMENTATIONS = YES;
				CLANG_WARN_DIRECT_OBJC_ISA_USAGE = YES_ERROR;
				CLANG_WARN_DOCUMENTATION_COMMENTS = YES;
				CLANG_WARN_EMPTY_BODY = YES;
				CLANG_WARN_ENUM_CONVERSION = YES;
				CLANG_WARN_INFINITE_RECURSION = YES;
				CLANG_WARN_INT_CONVERSION = YES;
				CLANG_WARN_NON_LITERAL_NULL_CONVERSION = YES;
				CLANG_WARN_OBJC_IMPLICIT_RETAIN_SELF = YES;
				CLANG_WARN_OBJC_LITERAL_CONVERSION = YES;
				CLANG_WARN_OBJC_ROOT_CLASS = YES_ERROR;
				CLANG_WARN_RANGE_LOOP_ANALYSIS = YES;
				CLANG_WARN_STRICT_PROTOTYPES = YES;
				CLANG_WARN_SUSPICIOUS_MOVE = YES;
				CLANG_WARN_UNGUARDED_AVAILABILITY = YES_AGGRESSIVE;
				CLANG_WARN_UNREACHABLE_CODE = YES;
				CLANG_WARN__DUPLICATE_METHOD_MATCH = YES;
				COPY_PHASE_STRIP = NO;
				DEBUG_INFORMATION_FORMAT = "dwarf-with-dsym";
				ENABLE_NS_ASSERTIONS = NO;
				ENABLE_STRICT_OBJC_MSGSEND = YES;
				GCC_C_LANGUAGE_STANDARD = gnu11;
				GCC_NO_COMMON_BLOCKS = YES;
				GCC_WARN_64_TO_32_BIT_CONVERSION = YES;
				GCC_WARN_ABOUT_RETURN_TYPE = YES_ERROR;
				GCC_WARN_UNDECLARED_SELECTOR = YES;
				GCC_WARN_UNINITIALIZED_AUTOS = YES_AGGRESSIVE;
				GCC_WARN_UNUSED_FUNCTION = YES;
				GCC_WARN_UNUSED_VARIABLE = YES;
				IPHONEOS_DEPLOYMENT_TARGET = 13.0;
				MTL_ENABLE_DEBUG_INFO = NO;
				MTL_FAST_MATH = YES;
				SDKROOT = iphoneos;
				SWIFT_COMPILATION_MODE = wholemodule;
				SWIFT_OPTIMIZATION_LEVEL = "-O";
				VALIDATE_PRODUCT = YES;
			};
			name = Release;
		};
		578D1A3523421BEA00211722 /* Debug */ = {
			isa = XCBuildConfiguration;
			buildSettings = {
				ASSETCATALOG_COMPILER_APPICON_NAME = AppIcon;
				CODE_SIGN_STYLE = Automatic;
				DEVELOPMENT_ASSET_PATHS = "\"Revill/Preview Content\"";
				DEVELOPMENT_TEAM = F6FYGZ29HL;
				ENABLE_PREVIEWS = YES;
				INFOPLIST_FILE = Revill/Info.plist;
				LD_RUNPATH_SEARCH_PATHS = (
					"$(inherited)",
					"@executable_path/Frameworks",
				);
				PRODUCT_BUNDLE_IDENTIFIER = com.appCode.Revill;
				PRODUCT_NAME = "$(TARGET_NAME)";
				SWIFT_VERSION = 5.0;
				TARGETED_DEVICE_FAMILY = "1,2";
			};
			name = Debug;
		};
		578D1A3623421BEA00211722 /* Release */ = {
			isa = XCBuildConfiguration;
			buildSettings = {
				ASSETCATALOG_COMPILER_APPICON_NAME = AppIcon;
				CODE_SIGN_STYLE = Automatic;
				DEVELOPMENT_ASSET_PATHS = "\"Revill/Preview Content\"";
				DEVELOPMENT_TEAM = F6FYGZ29HL;
				ENABLE_PREVIEWS = YES;
				INFOPLIST_FILE = Revill/Info.plist;
				LD_RUNPATH_SEARCH_PATHS = (
					"$(inherited)",
					"@executable_path/Frameworks",
				);
				PRODUCT_BUNDLE_IDENTIFIER = com.appCode.Revill;
				PRODUCT_NAME = "$(TARGET_NAME)";
				SWIFT_VERSION = 5.0;
				TARGETED_DEVICE_FAMILY = "1,2";
			};
			name = Release;
		};
		578D1A3823421BEA00211722 /* Debug */ = {
			isa = XCBuildConfiguration;
			buildSettings = {
				ALWAYS_EMBED_SWIFT_STANDARD_LIBRARIES = YES;
				BUNDLE_LOADER = "$(TEST_HOST)";
				CODE_SIGN_STYLE = Automatic;
				DEVELOPMENT_TEAM = F6FYGZ29HL;
				INFOPLIST_FILE = RevillTests/Info.plist;
				IPHONEOS_DEPLOYMENT_TARGET = 13.0;
				LD_RUNPATH_SEARCH_PATHS = (
					"$(inherited)",
					"@executable_path/Frameworks",
					"@loader_path/Frameworks",
				);
				PRODUCT_BUNDLE_IDENTIFIER = com.appCode.RevillTests;
				PRODUCT_NAME = "$(TARGET_NAME)";
				SWIFT_VERSION = 5.0;
				TARGETED_DEVICE_FAMILY = "1,2";
				TEST_HOST = "$(BUILT_PRODUCTS_DIR)/Revill.app/Revill";
			};
			name = Debug;
		};
		578D1A3923421BEA00211722 /* Release */ = {
			isa = XCBuildConfiguration;
			buildSettings = {
				ALWAYS_EMBED_SWIFT_STANDARD_LIBRARIES = YES;
				BUNDLE_LOADER = "$(TEST_HOST)";
				CODE_SIGN_STYLE = Automatic;
				DEVELOPMENT_TEAM = F6FYGZ29HL;
				INFOPLIST_FILE = RevillTests/Info.plist;
				IPHONEOS_DEPLOYMENT_TARGET = 13.0;
				LD_RUNPATH_SEARCH_PATHS = (
					"$(inherited)",
					"@executable_path/Frameworks",
					"@loader_path/Frameworks",
				);
				PRODUCT_BUNDLE_IDENTIFIER = com.appCode.RevillTests;
				PRODUCT_NAME = "$(TARGET_NAME)";
				SWIFT_VERSION = 5.0;
				TARGETED_DEVICE_FAMILY = "1,2";
				TEST_HOST = "$(BUILT_PRODUCTS_DIR)/Revill.app/Revill";
			};
			name = Release;
		};
/* End XCBuildConfiguration section */

/* Begin XCConfigurationList section */
		578D1A1023421BE900211722 /* Build configuration list for PBXProject "Revill" */ = {
			isa = XCConfigurationList;
			buildConfigurations = (
				578D1A3223421BEA00211722 /* Debug */,
				578D1A3323421BEA00211722 /* Release */,
			);
			defaultConfigurationIsVisible = 0;
			defaultConfigurationName = Release;
		};
		578D1A3423421BEA00211722 /* Build configuration list for PBXNativeTarget "Revill" */ = {
			isa = XCConfigurationList;
			buildConfigurations = (
				578D1A3523421BEA00211722 /* Debug */,
				578D1A3623421BEA00211722 /* Release */,
			);
			defaultConfigurationIsVisible = 0;
			defaultConfigurationName = Release;
		};
		578D1A3723421BEA00211722 /* Build configuration list for PBXNativeTarget "RevillTests" */ = {
			isa = XCConfigurationList;
			buildConfigurations = (
				578D1A3823421BEA00211722 /* Debug */,
				578D1A3923421BEA00211722 /* Release */,
			);
			defaultConfigurationIsVisible = 0;
			defaultConfigurationName = Release;
		};
/* End XCConfigurationList section */

/* Begin XCRemoteSwiftPackageReference section */
		79E0A05B23442ACE005B233C /* XCRemoteSwiftPackageReference "SwiftUIFlux" */ = {
			isa = XCRemoteSwiftPackageReference;
			repositoryURL = "https://github.com/Dimillian/SwiftUIFlux";
			requirement = {
				kind = upToNextMajorVersion;
				minimumVersion = 0.4.5;
			};
		};
/* End XCRemoteSwiftPackageReference section */

/* Begin XCSwiftPackageProductDependency section */
		79E0A05C23442ACE005B233C /* SwiftUIFlux */ = {
			isa = XCSwiftPackageProductDependency;
			package = 79E0A05B23442ACE005B233C /* XCRemoteSwiftPackageReference "SwiftUIFlux" */;
			productName = SwiftUIFlux;
		};
/* End XCSwiftPackageProductDependency section */
	};
	rootObject = 578D1A0D23421BE900211722 /* Project object */;
}
